# This file was autogenerated by Stack.
# You should not edit this file by hand.
# For more information, please see the documentation at:
#   https://docs.haskellstack.org/en/stable/lock_files

packages:
- completed:
    hackage: ghc-source-gen-0.4.0.0@sha256:b6cdde6b183e70f6fbed3b0a45ad6640204b636e9a7fb898c5d7ec79719f14a1,3698
    pantry-tree:
      size: 2304
      sha256: c7b9e9e90e9bb22ff0fb39970eb9fb6abbc157590f4ebb148897a174290bf028
  original:
    hackage: ghc-source-gen-0.4.0.0@sha256:b6cdde6b183e70f6fbed3b0a45ad6640204b636e9a7fb898c5d7ec79719f14a1,3698
- completed:
    hackage: envparse-0.4.1@sha256:989902e6368532548f61de1fa245ad2b39176cddd8743b20071af519a709ce30,2842
    pantry-tree:
      size: 1180
      sha256: 35044d67979fe2a5cff05cf8736a06a265592433cdd03e13a72908ceed892612
  original:
    hackage: envparse-0.4.1@sha256:989902e6368532548f61de1fa245ad2b39176cddd8743b20071af519a709ce30,2842
- completed:
    hackage: hspec-wai-0.10.1@sha256:56dd9ec1d56f47ef1946f71f7cbf070e4c285f718cac1b158400ae5e7172ef47,2290
    pantry-tree:
      size: 809
      sha256: 17af1c2e709cd84bfda066b9ebb04cdde7f92660c51a1f7401a1e9f766524e93
  original:
    hackage: hspec-wai-0.10.1@sha256:56dd9ec1d56f47ef1946f71f7cbf070e4c285f718cac1b158400ae5e7172ef47,2290
- completed:
    hackage: hspec-wai-json-0.10.1@sha256:67b405c38f0a9e2771480c8d3ecd8aeb8d8776a35d3b2906cb1b76c9538617e4,1629
    pantry-tree:
      size: 349
      sha256: fb9e89b79cde3276baa484c860c6b9eeebdbc1a5c43301293351a25bc4c08e87
  original:
    hackage: hspec-wai-json-0.10.1@sha256:67b405c38f0a9e2771480c8d3ecd8aeb8d8776a35d3b2906cb1b76c9538617e4,1629
- completed:
    hackage: cryptostore-0.2.1.0@sha256:9896e2984f36a1c8790f057fd5ce3da4cbcaf8aa73eb2d9277916886978c5b19,3881
    pantry-tree:
      size: 8596
      sha256: e392f8dded050690140636b81433fb350bd87dd21643dde9a2f0aa344cf038e5
  original:
    hackage: cryptostore-0.2.1.0@sha256:9896e2984f36a1c8790f057fd5ce3da4cbcaf8aa73eb2d9277916886978c5b19,3881
- completed:
    hackage: cryptonite-0.26@sha256:43c722f3770c31f4c5376e7aa42645b104834103312e217aa7fe79316416d6df,17352
    pantry-tree:
      size: 22455
      sha256: cbec4c7bd57508339510f18df64827dbd65eb7ede00db07a463a36aecdda077c
  original:
    hackage: cryptonite-0.26@sha256:43c722f3770c31f4c5376e7aa42645b104834103312e217aa7fe79316416d6df,17352
- completed:
    hackage: type-iso-1.0.1.0@sha256:75682a06a5af1798c6641ba3cc175685a1f699962ad22ab194a487c0d6b7da66,1892
    pantry-tree:
      size: 339
      sha256: bbb0c4d271769eddfce41bdaa56c51e14c79ba4c3149b1e39a06b27eb73603b9
  original:
    hackage: type-iso-1.0.1.0@sha256:75682a06a5af1798c6641ba3cc175685a1f699962ad22ab194a487c0d6b7da66,1892
- completed:
    hackage: numericpeano-0.2.0.0@sha256:e3a1dc960817a81f39d276e7bfa0124e8efa1b91b5c272a70dfa16c38627f172,1406
    pantry-tree:
      size: 266
      sha256: 697cac9f0d18b97fd8f7217cf62bce0d6a040236ca0ecc88f1533d0999e900ff
  original:
    hackage: numericpeano-0.2.0.0@sha256:e3a1dc960817a81f39d276e7bfa0124e8efa1b91b5c272a70dfa16c38627f172,1406
- completed:
    hackage: network-bitcoin-1.9.1@sha256:f950326eef853c8ce5a15a2fc65ed0291669b60b3138538629469fbeaf447d96,2420
    pantry-tree:
      size: 851
      sha256: 9e1136ae25b7bec92afb03dae5833946bf0596518a8c92a65c09eef7f5c4c2ac
  original:
    hackage: network-bitcoin-1.9.1@sha256:f950326eef853c8ce5a15a2fc65ed0291669b60b3138538629469fbeaf447d96,2420
- completed:
    hackage: swagger2-2.3.1.1@sha256:d37f1ab99b66a68d873c44bfaa30a763d52eed72df9e82805b99be9d9b8ad2bc,4433
    pantry-tree:
      size: 2192
      sha256: 5bdf70366b9de698cad87da06c95096b61a1d40c913625525e386694b04f865d
  original:
    hackage: swagger2-2.3.1.1
- completed:
    hackage: wai-middleware-static-embedded-0.1.0.0@sha256:036b7823a5e69452d1fe1e270ef3d4988063caa5bb00b6dfc356e1c21b7433e3,1581
    pantry-tree:
      size: 362
      sha256: 5afb46b75662f1e605d4e00e45f24949e081c7eca5c20f9852555353db549584
  original:
    hackage: wai-middleware-static-embedded-0.1.0.0@sha256:036b7823a5e69452d1fe1e270ef3d4988063caa5bb00b6dfc356e1c21b7433e3,1581
- completed:
    size: 25749
    url: https://github.com/tkachuk-labs/persistent-migration/archive/3afe6367363efafbc788ea72eb2c0492884d458a.tar.gz
    name: persistent-migration
    version: 0.1.0
    sha256: e00aa2129a173d188baeafc0fef75d81a86c4bb5d6b3a73da36d246484e86a24
    pantry-tree:
      size: 3342
      sha256: e269d2bb57f054d18fa4f69aa1337ec9e5fa306e09076bc0e51840134678b403
  original:
    url: https://github.com/tkachuk-labs/persistent-migration/archive/3afe6367363efafbc788ea72eb2c0492884d458a.tar.gz
- completed:
    size: 55457
    url: https://github.com/tkachuk-labs/HaskellNet/archive/73bf47e9e4ee7ec18da0da2b23a18d4e4baa8485.tar.gz
    name: HaskellNet
    version: 0.5.1
    sha256: d861bb9123051e90b00545a35f93aebc852370cbcc759b4efb4bc4dd75210f35
    pantry-tree:
      size: 4011
      sha256: c02df5bb222c8fd190468cbdf4cb7f85bd96ef2c67cc35284f04f6c79532364f
  original:
    size: 55457
    url: https://github.com/tkachuk-labs/HaskellNet/archive/73bf47e9e4ee7ec18da0da2b23a18d4e4baa8485.tar.gz
    sha256: d861bb9123051e90b00545a35f93aebc852370cbcc759b4efb4bc4dd75210f35
- completed:
    size: 6137383
    subdir: concur-core
    url: https://github.com/tkachuk-labs/concur/archive/dc5347b35c79654d58fa95716f425ee7248504fb.tar.gz
    name: concur-core
    version: 0.1.0.0
    sha256: 0253f7cc909e8620a1ca9f45a553dfb77b502dbdc77cbe0f0e92e63c4ff5f81b
    pantry-tree:
      size: 728
      sha256: eabfe92d565da1d364116710507e4b0dbc7ea642863fac41c5456aa46cfd3a5a
  original:
    size: 6137383
    subdir: concur-core
    url: https://github.com/tkachuk-labs/concur/archive/dc5347b35c79654d58fa95716f425ee7248504fb.tar.gz
    sha256: 0253f7cc909e8620a1ca9f45a553dfb77b502dbdc77cbe0f0e92e63c4ff5f81b
- completed:
    size: 195022
    url: https://github.com/tkachuk-labs/replica/archive/c0046ff9b3be5e20e5306de743b83620cf59c6a9.tar.gz
    name: replica
    version: 0.1.0.0
    sha256: d7d043b603be23acbfa04fbf198dc136909e23f8aa502aafa05dcc5b9e25daf5
    pantry-tree:
      size: 1319
      sha256: e987a2fe0dad2cdbdc6ed65ed356ff279f038fc198cc47d7e9d5c3d3012d583a
  original:
    size: 195022
    url: https://github.com/tkachuk-labs/replica/archive/c0046ff9b3be5e20e5306de743b83620cf59c6a9.tar.gz
    sha256: d7d043b603be23acbfa04fbf198dc136909e23f8aa502aafa05dcc5b9e25daf5
- completed:
    size: 25421
    url: https://github.com/tkachuk-labs/concur-replica/archive/7d16bcc93114c62252e3e22c208dc2a819f02435.tar.gz
    name: concur-replica
    version: 0.1.0.0
    sha256: 2a808d1214b48eb8fb8f98740b0b37022c26e52e8cbf4d201f19866bed2519bd
    pantry-tree:
      size: 1547
      sha256: 5024616c14060a7b29f23044ac32f8c02487b63d32e78f9a39f342732c9251a7
  original:
    size: 25421
    url: https://github.com/tkachuk-labs/concur-replica/archive/7d16bcc93114c62252e3e22c208dc2a819f02435.tar.gz
    sha256: 2a808d1214b48eb8fb8f98740b0b37022c26e52e8cbf4d201f19866bed2519bd
- completed:
    size: 110250
    subdir: core
    url: https://github.com/tkachuk-labs/gRPC-haskell/archive/8eaee520cd1a2ae909d2ef7ce16ce3a17be4418a.tar.gz
    name: grpc-haskell-core
    version: 0.0.0.0
    sha256: d9c150a855b85b5ebc1c22c2fcc0ea171ee0fdee46dd626a115f8405cb5c4502
    pantry-tree:
      size: 2543
      sha256: f3068aefface90c7cc81139a6c5482f363b07087c254631225c573fee512035c
  original:
    size: 110250
    subdir: core
    url: https://github.com/tkachuk-labs/gRPC-haskell/archive/8eaee520cd1a2ae909d2ef7ce16ce3a17be4418a.tar.gz
    sha256: d9c150a855b85b5ebc1c22c2fcc0ea171ee0fdee46dd626a115f8405cb5c4502
- completed:
    size: 110250
    url: https://github.com/tkachuk-labs/gRPC-haskell/archive/8eaee520cd1a2ae909d2ef7ce16ce3a17be4418a.tar.gz
    name: grpc-haskell
    version: 0.0.1.0
    sha256: d9c150a855b85b5ebc1c22c2fcc0ea171ee0fdee46dd626a115f8405cb5c4502
    pantry-tree:
      size: 7299
      sha256: 54faf14001920d7fe0f4fd8dd3fb237db845f0ca8de8b2df5c00191902f2bbcf
  original:
    size: 110250
    url: https://github.com/tkachuk-labs/gRPC-haskell/archive/8eaee520cd1a2ae909d2ef7ce16ce3a17be4418a.tar.gz
    sha256: d9c150a855b85b5ebc1c22c2fcc0ea171ee0fdee46dd626a115f8405cb5c4502
- completed:
    size: 78528
    url: https://github.com/tkachuk-labs/proto3-suite/archive/ca03aa9d846d88b0762e40f9588b4927de22f798.tar.gz
    name: proto3-suite
    version: 0.4.0.0
    sha256: be7b53ee359f0e02e8a363cafe62d5d6ae110ad211a033ef53a230f0ba2589b9
    pantry-tree:
      size: 4322
      sha256: 1dcf464f7680838666becb0956fc3abd8647bbf7f3a1bb5ce62b9b7ea2577b47
  original:
    size: 78528
    url: https://github.com/tkachuk-labs/proto3-suite/archive/ca03aa9d846d88b0762e40f9588b4927de22f798.tar.gz
    sha256: be7b53ee359f0e02e8a363cafe62d5d6ae110ad211a033ef53a230f0ba2589b9
- completed:
    size: 20147
    url: https://github.com/tkachuk-labs/proto3-wire/archive/23015cf6363d1962fde6bdff0de111f7ec59ab75.tar.gz
    name: proto3-wire
    version: 1.1.0
    sha256: af5f173afe9831f1e9bd061c9e0878de8fd18987f0604885a69c4d81c5824c4e
    pantry-tree:
      size: 978
      sha256: d3a5d569e005d87e4eb343b150a1c4cbc455cc9833e7713efb937d66b6679b87
  original:
    size: 20147
    url: https://github.com/tkachuk-labs/proto3-wire/archive/23015cf6363d1962fde6bdff0de111f7ec59ab75.tar.gz
    sha256: af5f173afe9831f1e9bd061c9e0878de8fd18987f0604885a69c4d81c5824c4e
snapshots:
- completed:
    size: 524996
    url: https://raw.githubusercontent.com/commercialhaskell/stackage-snapshots/master/lts/14/27.yaml
    sha256: 7ea31a280c56bf36ff591a7397cc384d0dff622e7f9e4225b47d8980f019a0f0
  original: lts-14.27
